
Microsoft Visual Studio Solution File, Format Version 12.00
# Visual Studio 15
VisualStudioVersion = 15.0.27004.2010
MinimumVisualStudioVersion = 10.0.40219.1
Project("{9A19103F-16F7-4668-BE54-9A1E7A4F7556}") = "DesafioRadix", "DesafioRadix\DesafioRadix.csproj", "{EF733E1D-D5E2-45F9-9E49-2EFD2378F5BE}"
EndProject
Global
	GlobalSection(SolutionConfigurationPlatforms) = preSolution
		Debug|Any CPU = Debug|Any CPU
		Release|Any CPU = Release|Any CPU
	EndGlobalSection
	GlobalSection(ProjectConfigurationPlatforms) = postSolution
		{EF733E1D-D5E2-45F9-9E49-2EFD2378F5BE}.Debug|Any CPU.ActiveCfg = Debug|Any CPU
		{EF733E1D-D5E2-45F9-9E49-2EFD2378F5BE}.Debug|Any CPU.Build.0 = Debug|Any CPU
		{EF733E1D-D5E2-45F9-9E49-2EFD2378F5BE}.Release|Any CPU.ActiveCfg = Release|Any CPU
		{EF733E1D-D5E2-45F9-9E49-2EFD2378F5BE}.Release|Any CPU.Build.0 = Release|Any CPU
	EndGlobalSection
	GlobalSection(SolutionProperties) = preSolution
		HideSolutionNode = FALSE
	EndGlobalSection
	GlobalSection(ExtensibilityGlobals) = postSolution
		SolutionGuid = {3380EB09-F57C-466A-9EEC-F908B583A48A}
	EndGlobalSection
EndGlobal
